
Microsoft Visual Studio Solution File, Format Version 12.00
# Visual Studio Version 17
VisualStudioVersion = 17.5.33502.453
MinimumVisualStudioVersion = 10.0.40219.1
Project("{FAE04EC0-301F-11D3-BF4B-00C04F79EFBC}") = "Learning", "Learning\Learning.csproj", "{0D3E517C-9852-4E31-86B0-C7C2B9DA7830}"
EndProject
Project("{FAE04EC0-301F-11D3-BF4B-00C04F79EFBC}") = "ListExample", "ListExample\ListExample.csproj", "{53903A7F-F8BC-4A49-AC58-FDC42909FDC0}"
EndProject
Global
	GlobalSection(SolutionConfigurationPlatforms) = preSolution
		Debug|Any CPU = Debug|Any CPU
		Release|Any CPU = Release|Any CPU
	EndGlobalSection
	GlobalSection(ProjectConfigurationPlatforms) = postSolution
		{0D3E517C-9852-4E31-86B0-C7C2B9DA7830}.Debug|Any CPU.ActiveCfg = Debug|Any CPU
		{0D3E517C-9852-4E31-86B0-C7C2B9DA7830}.Debug|Any CPU.Build.0 = Debug|Any CPU
		{0D3E517C-9852-4E31-86B0-C7C2B9DA7830}.Release|Any CPU.ActiveCfg = Release|Any CPU
		{0D3E517C-9852-4E31-86B0-C7C2B9DA7830}.Release|Any CPU.Build.0 = Release|Any CPU
		{53903A7F-F8BC-4A49-AC58-FDC42909FDC0}.Debug|Any CPU.ActiveCfg = Debug|Any CPU
		{53903A7F-F8BC-4A49-AC58-FDC42909FDC0}.Debug|Any CPU.Build.0 = Debug|Any CPU
		{53903A7F-F8BC-4A49-AC58-FDC42909FDC0}.Release|Any CPU.ActiveCfg = Release|Any CPU
		{53903A7F-F8BC-4A49-AC58-FDC42909FDC0}.Release|Any CPU.Build.0 = Release|Any CPU
	EndGlobalSection
	GlobalSection(SolutionProperties) = preSolution
		HideSolutionNode = FALSE
	EndGlobalSection
	GlobalSection(ExtensibilityGlobals) = postSolution
		SolutionGuid = {FA452C0F-CBCE-4FDD-AAD3-D2EE1C13F194}
	EndGlobalSection
EndGlobal
